
Microsoft Visual Studio Solution File, Format Version 12.00
# Visual Studio 15
VisualStudioVersion = 15.0.28307.168
MinimumVisualStudioVersion = 10.0.40219.1
Project("{FAE04EC0-301F-11D3-BF4B-00C04F79EFBC}") = "OOP_Assignment", "OOP_Assignment\OOP_Assignment.csproj", "{C9776374-1371-4814-AD85-0DB192571D3C}"
EndProject
Project("{FAE04EC0-301F-11D3-BF4B-00C04F79EFBC}") = "ClassLibrary1", "ClassLibrary1\ClassLibrary1.csproj", "{20B5906F-8CA7-433B-BAFA-8815C503F184}"
EndProject
Global
	GlobalSection(SolutionConfigurationPlatforms) = preSolution
		Debug|Any CPU = Debug|Any CPU
		Release|Any CPU = Release|Any CPU
	EndGlobalSection
	GlobalSection(ProjectConfigurationPlatforms) = postSolution
		{C9776374-1371-4814-AD85-0DB192571D3C}.Debug|Any CPU.ActiveCfg = Debug|Any CPU
		{C9776374-1371-4814-AD85-0DB192571D3C}.Debug|Any CPU.Build.0 = Debug|Any CPU
		{C9776374-1371-4814-AD85-0DB192571D3C}.Release|Any CPU.ActiveCfg = Release|Any CPU
		{C9776374-1371-4814-AD85-0DB192571D3C}.Release|Any CPU.Build.0 = Release|Any CPU
		{20B5906F-8CA7-433B-BAFA-8815C503F184}.Debug|Any CPU.ActiveCfg = Debug|Any CPU
		{20B5906F-8CA7-433B-BAFA-8815C503F184}.Debug|Any CPU.Build.0 = Debug|Any CPU
		{20B5906F-8CA7-433B-BAFA-8815C503F184}.Release|Any CPU.ActiveCfg = Release|Any CPU
		{20B5906F-8CA7-433B-BAFA-8815C503F184}.Release|Any CPU.Build.0 = Release|Any CPU
	EndGlobalSection
	GlobalSection(SolutionProperties) = preSolution
		HideSolutionNode = FALSE
	EndGlobalSection
	GlobalSection(ExtensibilityGlobals) = postSolution
		SolutionGuid = {CFF26D84-5D60-450F-89B8-ABD30BA71335}
	EndGlobalSection
EndGlobal
